
Microsoft Visual Studio Solution File, Format Version 12.00
# Visual Studio Version 17
VisualStudioVersion = 17.0.31903.59
MinimumVisualStudioVersion = 10.0.40219.1
Project("{2150E333-8FDC-42A3-9474-1A3956D46DE8}") = "Services", "Services", "{BCEC4BC7-B86C-4E79-9B7D-7A1864195D1F}"
EndProject
Project("{2150E333-8FDC-42A3-9474-1A3956D46DE8}") = "Catalog", "Catalog", "{DC1C04F5-C4CA-4AD4-81DB-89E2795941C6}"
EndProject
Project("{9A19103F-16F7-4668-BE54-9A1E7A4F7556}") = "Catalog.Core", "Services\Catalog\Catalog.Core\Catalog.Core.csproj", "{7E29452F-B8EE-4CCA-B7E2-DA5E1AA699FD}"
EndProject
Project("{9A19103F-16F7-4668-BE54-9A1E7A4F7556}") = "Catalog.API", "Services\Catalog\Catalog.API\Catalog.API.csproj", "{3BF4CA11-4AA6-496C-B9A8-A18DF9753137}"
EndProject
Project("{9A19103F-16F7-4668-BE54-9A1E7A4F7556}") = "Catalog.Application", "Services\Catalog\Catalog.Application\Catalog.Application.csproj", "{77C6AC90-BF3A-4335-9FAC-D075B24CDCCC}"
EndProject
Project("{9A19103F-16F7-4668-BE54-9A1E7A4F7556}") = "Catalog.Infrastructure", "Services\Catalog\Catalog.Infrastructure\Catalog.Infrastructure.csproj", "{08879F7C-049E-4ED8-B73E-1FAD5CD84EE3}"
EndProject
Project("{E53339B2-1760-4266-BCC7-CA923CBCF16C}") = "docker-compose", "docker-compose.dcproj", "{16371039-EA12-44FA-B677-327629EB625C}"
EndProject
Project("{2150E333-8FDC-42A3-9474-1A3956D46DE8}") = "Basket", "Basket", "{7E79CBA1-D9FC-457F-89F1-E46F8EBD85C2}"
EndProject
Project("{9A19103F-16F7-4668-BE54-9A1E7A4F7556}") = "Basket.Application", "Services\Basket\Basket.Application\Basket.Application.csproj", "{A5FB4E08-E183-4922-90EA-EFDFEFAF9EE2}"
EndProject
Project("{9A19103F-16F7-4668-BE54-9A1E7A4F7556}") = "Basket.Core", "Services\Basket\Basket.Core\Basket.Core.csproj", "{7CB30270-800A-48D2-BFD4-877F17EC123A}"
EndProject
Project("{9A19103F-16F7-4668-BE54-9A1E7A4F7556}") = "Basket.Infrastructure", "Services\Basket\Basket.Infrastructure\Basket.Infrastructure.csproj", "{E79AF42F-4B6D-4F3A-92E0-CD0EEEC5B8E1}"
EndProject
Project("{2150E333-8FDC-42A3-9474-1A3956D46DE8}") = "Discount", "Discount", "{AC1D0446-F5A4-4643-A0A3-036390CF29F7}"
EndProject
Project("{9A19103F-16F7-4668-BE54-9A1E7A4F7556}") = "Discount.Core", "Services\Discount\Discount.Core\Discount.Core.csproj", "{456B358E-F9B5-406A-8436-138A5E30C6A0}"
EndProject
Project("{9A19103F-16F7-4668-BE54-9A1E7A4F7556}") = "Discount.Infrastructure", "Services\Discount\Discount.Infrastructure\Discount.Infrastructure.csproj", "{59C5B367-65DA-47ED-B988-25C619CB7F38}"
EndProject
Project("{9A19103F-16F7-4668-BE54-9A1E7A4F7556}") = "Discount.Application", "Services\Discount\Discount.Application\Discount.Application.csproj", "{EF6C096C-9637-471D-9C65-204956C13E6A}"
EndProject
Project("{2150E333-8FDC-42A3-9474-1A3956D46DE8}") = "Infrastructure", "Infrastructure", "{A1AB8BC0-6DD5-42AB-AEC3-66035A8CC8F4}"
EndProject
Project("{9A19103F-16F7-4668-BE54-9A1E7A4F7556}") = "Discount.API", "Services\Discount\Discount.API\Discount.API.csproj", "{6FD4862E-016F-4B8E-BDA8-C1F590C176EB}"
EndProject
Project("{2150E333-8FDC-42A3-9474-1A3956D46DE8}") = "Ordering", "Ordering", "{6548A6BE-9E5C-43AD-81A7-F85CE2C2C9C2}"
EndProject
Project("{9A19103F-16F7-4668-BE54-9A1E7A4F7556}") = "Ordering.API", "Services\Ordering\Ordering.API\Ordering.API.csproj", "{EBFABC99-2595-4D7B-AB6E-0CB846526D5F}"
EndProject
Project("{9A19103F-16F7-4668-BE54-9A1E7A4F7556}") = "Ordering.Application", "Services\Ordering\Ordering.Application\Ordering.Application.csproj", "{F7180C58-5C8A-4BDF-B23C-11B29B96A39D}"
EndProject
Project("{9A19103F-16F7-4668-BE54-9A1E7A4F7556}") = "Ordering.Infrastructure", "Services\Ordering\Ordering.Infrastructure\Ordering.Infrastructure.csproj", "{401AE107-20C1-424A-8D13-9FA9590C8B75}"
EndProject
Project("{9A19103F-16F7-4668-BE54-9A1E7A4F7556}") = "Ordering.Core", "Services\Ordering\Ordering.Core\Ordering.Core.csproj", "{E4B93542-9118-4462-8DA3-5AC57D2791E5}"
EndProject
Project("{2150E333-8FDC-42A3-9474-1A3956D46DE8}") = "ApiGateways", "ApiGateways", "{D2D098AE-3A45-4842-8E93-DB8F55106094}"
EndProject
Project("{9A19103F-16F7-4668-BE54-9A1E7A4F7556}") = "Ocelot.ApiGateway", "ApiGateways\Ocelot.ApiGateway\Ocelot.ApiGateway.csproj", "{F2329FD3-88E8-484A-BC07-D89654147919}"
EndProject
Project("{2150E333-8FDC-42A3-9474-1A3956D46DE8}") = "Common.Logging", "Common.Logging", "{2F238DF9-DFC5-49B0-8ECC-EBA7D13D3E44}"
EndProject
Project("{9A19103F-16F7-4668-BE54-9A1E7A4F7556}") = "Common.Logging", "Infrastructure\Common.Logging\Common.Logging.csproj", "{83C6BC44-5418-47DC-858D-1FB439371750}"
EndProject
Project("{2150E333-8FDC-42A3-9474-1A3956D46DE8}") = "EventBus.Messages", "EventBus.Messages", "{EBE659F0-6F5E-4291-8A0B-B74B139C5B51}"
EndProject
Project("{9A19103F-16F7-4668-BE54-9A1E7A4F7556}") = "EventBus.Messages", "Infrastructure\EventBus.Messages\EventBus.Messages.csproj", "{15CF5047-BFF1-42E7-8410-B11E1A0DE7F5}"
EndProject
Project("{9A19103F-16F7-4668-BE54-9A1E7A4F7556}") = "Basket.API", "Services\Basket\Basket.API\Basket.API.csproj", "{5751E568-B1F4-4982-B1B1-93C68D1B7F2A}"
EndProject
Project("{2150E333-8FDC-42A3-9474-1A3956D46DE8}") = "Identity", "Identity", "{7EC0EB3A-87C5-4999-B857-4323C2BCBB7B}"
EndProject
Project("{9A19103F-16F7-4668-BE54-9A1E7A4F7556}") = "IdentityServer", "Infrastructure\Identity\IdentityServer\IdentityServer.csproj", "{904D05D7-A745-4862-AF7D-E993CF812238}"
EndProject
Global
	GlobalSection(SolutionConfigurationPlatforms) = preSolution
		Debug|Any CPU = Debug|Any CPU
		Release|Any CPU = Release|Any CPU
	EndGlobalSection
	GlobalSection(ProjectConfigurationPlatforms) = postSolution
		{7E29452F-B8EE-4CCA-B7E2-DA5E1AA699FD}.Debug|Any CPU.ActiveCfg = Debug|Any CPU
		{7E29452F-B8EE-4CCA-B7E2-DA5E1AA699FD}.Debug|Any CPU.Build.0 = Debug|Any CPU
		{7E29452F-B8EE-4CCA-B7E2-DA5E1AA699FD}.Release|Any CPU.ActiveCfg = Release|Any CPU
		{7E29452F-B8EE-4CCA-B7E2-DA5E1AA699FD}.Release|Any CPU.Build.0 = Release|Any CPU
		{3BF4CA11-4AA6-496C-B9A8-A18DF9753137}.Debug|Any CPU.ActiveCfg = Debug|Any CPU
		{3BF4CA11-4AA6-496C-B9A8-A18DF9753137}.Debug|Any CPU.Build.0 = Debug|Any CPU
		{3BF4CA11-4AA6-496C-B9A8-A18DF9753137}.Release|Any CPU.ActiveCfg = Release|Any CPU
		{3BF4CA11-4AA6-496C-B9A8-A18DF9753137}.Release|Any CPU.Build.0 = Release|Any CPU
		{77C6AC90-BF3A-4335-9FAC-D075B24CDCCC}.Debug|Any CPU.ActiveCfg = Debug|Any CPU
		{77C6AC90-BF3A-4335-9FAC-D075B24CDCCC}.Debug|Any CPU.Build.0 = Debug|Any CPU
		{77C6AC90-BF3A-4335-9FAC-D075B24CDCCC}.Release|Any CPU.ActiveCfg = Release|Any CPU
		{77C6AC90-BF3A-4335-9FAC-D075B24CDCCC}.Release|Any CPU.Build.0 = Release|Any CPU
		{08879F7C-049E-4ED8-B73E-1FAD5CD84EE3}.Debug|Any CPU.ActiveCfg = Debug|Any CPU
		{08879F7C-049E-4ED8-B73E-1FAD5CD84EE3}.Debug|Any CPU.Build.0 = Debug|Any CPU
		{08879F7C-049E-4ED8-B73E-1FAD5CD84EE3}.Release|Any CPU.ActiveCfg = Release|Any CPU
		{08879F7C-049E-4ED8-B73E-1FAD5CD84EE3}.Release|Any CPU.Build.0 = Release|Any CPU
		{16371039-EA12-44FA-B677-327629EB625C}.Debug|Any CPU.ActiveCfg = Debug|Any CPU
		{16371039-EA12-44FA-B677-327629EB625C}.Debug|Any CPU.Build.0 = Debug|Any CPU
		{16371039-EA12-44FA-B677-327629EB625C}.Release|Any CPU.ActiveCfg = Release|Any CPU
		{16371039-EA12-44FA-B677-327629EB625C}.Release|Any CPU.Build.0 = Release|Any CPU
		{A5FB4E08-E183-4922-90EA-EFDFEFAF9EE2}.Debug|Any CPU.ActiveCfg = Debug|Any CPU
		{A5FB4E08-E183-4922-90EA-EFDFEFAF9EE2}.Debug|Any CPU.Build.0 = Debug|Any CPU
		{A5FB4E08-E183-4922-90EA-EFDFEFAF9EE2}.Release|Any CPU.ActiveCfg = Release|Any CPU
		{A5FB4E08-E183-4922-90EA-EFDFEFAF9EE2}.Release|Any CPU.Build.0 = Release|Any CPU
		{7CB30270-800A-48D2-BFD4-877F17EC123A}.Debug|Any CPU.ActiveCfg = Debug|Any CPU
		{7CB30270-800A-48D2-BFD4-877F17EC123A}.Debug|Any CPU.Build.0 = Debug|Any CPU
		{7CB30270-800A-48D2-BFD4-877F17EC123A}.Release|Any CPU.ActiveCfg = Release|Any CPU
		{7CB30270-800A-48D2-BFD4-877F17EC123A}.Release|Any CPU.Build.0 = Release|Any CPU
		{E79AF42F-4B6D-4F3A-92E0-CD0EEEC5B8E1}.Debug|Any CPU.ActiveCfg = Debug|Any CPU
		{E79AF42F-4B6D-4F3A-92E0-CD0EEEC5B8E1}.Debug|Any CPU.Build.0 = Debug|Any CPU
		{E79AF42F-4B6D-4F3A-92E0-CD0EEEC5B8E1}.Release|Any CPU.ActiveCfg = Release|Any CPU
		{E79AF42F-4B6D-4F3A-92E0-CD0EEEC5B8E1}.Release|Any CPU.Build.0 = Release|Any CPU
		{456B358E-F9B5-406A-8436-138A5E30C6A0}.Debug|Any CPU.ActiveCfg = Debug|Any CPU
		{456B358E-F9B5-406A-8436-138A5E30C6A0}.Debug|Any CPU.Build.0 = Debug|Any CPU
		{456B358E-F9B5-406A-8436-138A5E30C6A0}.Release|Any CPU.ActiveCfg = Release|Any CPU
		{456B358E-F9B5-406A-8436-138A5E30C6A0}.Release|Any CPU.Build.0 = Release|Any CPU
		{59C5B367-65DA-47ED-B988-25C619CB7F38}.Debug|Any CPU.ActiveCfg = Debug|Any CPU
		{59C5B367-65DA-47ED-B988-25C619CB7F38}.Debug|Any CPU.Build.0 = Debug|Any CPU
		{59C5B367-65DA-47ED-B988-25C619CB7F38}.Release|Any CPU.ActiveCfg = Release|Any CPU
		{59C5B367-65DA-47ED-B988-25C619CB7F38}.Release|Any CPU.Build.0 = Release|Any CPU
		{EF6C096C-9637-471D-9C65-204956C13E6A}.Debug|Any CPU.ActiveCfg = Debug|Any CPU
		{EF6C096C-9637-471D-9C65-204956C13E6A}.Debug|Any CPU.Build.0 = Debug|Any CPU
		{EF6C096C-9637-471D-9C65-204956C13E6A}.Release|Any CPU.ActiveCfg = Release|Any CPU
		{EF6C096C-9637-471D-9C65-204956C13E6A}.Release|Any CPU.Build.0 = Release|Any CPU
		{6FD4862E-016F-4B8E-BDA8-C1F590C176EB}.Debug|Any CPU.ActiveCfg = Debug|Any CPU
		{6FD4862E-016F-4B8E-BDA8-C1F590C176EB}.Debug|Any CPU.Build.0 = Debug|Any CPU
		{6FD4862E-016F-4B8E-BDA8-C1F590C176EB}.Release|Any CPU.ActiveCfg = Release|Any CPU
		{6FD4862E-016F-4B8E-BDA8-C1F590C176EB}.Release|Any CPU.Build.0 = Release|Any CPU
		{EBFABC99-2595-4D7B-AB6E-0CB846526D5F}.Debug|Any CPU.ActiveCfg = Debug|Any CPU
		{EBFABC99-2595-4D7B-AB6E-0CB846526D5F}.Debug|Any CPU.Build.0 = Debug|Any CPU
		{EBFABC99-2595-4D7B-AB6E-0CB846526D5F}.Release|Any CPU.ActiveCfg = Release|Any CPU
		{EBFABC99-2595-4D7B-AB6E-0CB846526D5F}.Release|Any CPU.Build.0 = Release|Any CPU
		{F7180C58-5C8A-4BDF-B23C-11B29B96A39D}.Debug|Any CPU.ActiveCfg = Debug|Any CPU
		{F7180C58-5C8A-4BDF-B23C-11B29B96A39D}.Debug|Any CPU.Build.0 = Debug|Any CPU
		{F7180C58-5C8A-4BDF-B23C-11B29B96A39D}.Release|Any CPU.ActiveCfg = Release|Any CPU
		{F7180C58-5C8A-4BDF-B23C-11B29B96A39D}.Release|Any CPU.Build.0 = Release|Any CPU
		{401AE107-20C1-424A-8D13-9FA9590C8B75}.Debug|Any CPU.ActiveCfg = Debug|Any CPU
		{401AE107-20C1-424A-8D13-9FA9590C8B75}.Debug|Any CPU.Build.0 = Debug|Any CPU
		{401AE107-20C1-424A-8D13-9FA9590C8B75}.Release|Any CPU.ActiveCfg = Release|Any CPU
		{401AE107-20C1-424A-8D13-9FA9590C8B75}.Release|Any CPU.Build.0 = Release|Any CPU
		{E4B93542-9118-4462-8DA3-5AC57D2791E5}.Debug|Any CPU.ActiveCfg = Debug|Any CPU
		{E4B93542-9118-4462-8DA3-5AC57D2791E5}.Debug|Any CPU.Build.0 = Debug|Any CPU
		{E4B93542-9118-4462-8DA3-5AC57D2791E5}.Release|Any CPU.ActiveCfg = Release|Any CPU
		{E4B93542-9118-4462-8DA3-5AC57D2791E5}.Release|Any CPU.Build.0 = Release|Any CPU
		{F2329FD3-88E8-484A-BC07-D89654147919}.Debug|Any CPU.ActiveCfg = Debug|Any CPU
		{F2329FD3-88E8-484A-BC07-D89654147919}.Debug|Any CPU.Build.0 = Debug|Any CPU
		{F2329FD3-88E8-484A-BC07-D89654147919}.Release|Any CPU.ActiveCfg = Release|Any CPU
		{F2329FD3-88E8-484A-BC07-D89654147919}.Release|Any CPU.Build.0 = Release|Any CPU
		{83C6BC44-5418-47DC-858D-1FB439371750}.Debug|Any CPU.ActiveCfg = Debug|Any CPU
		{83C6BC44-5418-47DC-858D-1FB439371750}.Debug|Any CPU.Build.0 = Debug|Any CPU
		{83C6BC44-5418-47DC-858D-1FB439371750}.Release|Any CPU.ActiveCfg = Release|Any CPU
		{83C6BC44-5418-47DC-858D-1FB439371750}.Release|Any CPU.Build.0 = Release|Any CPU
		{15CF5047-BFF1-42E7-8410-B11E1A0DE7F5}.Debug|Any CPU.ActiveCfg = Debug|Any CPU
		{15CF5047-BFF1-42E7-8410-B11E1A0DE7F5}.Debug|Any CPU.Build.0 = Debug|Any CPU
		{15CF5047-BFF1-42E7-8410-B11E1A0DE7F5}.Release|Any CPU.ActiveCfg = Release|Any CPU
		{15CF5047-BFF1-42E7-8410-B11E1A0DE7F5}.Release|Any CPU.Build.0 = Release|Any CPU
		{5751E568-B1F4-4982-B1B1-93C68D1B7F2A}.Debug|Any CPU.ActiveCfg = Debug|Any CPU
		{5751E568-B1F4-4982-B1B1-93C68D1B7F2A}.Debug|Any CPU.Build.0 = Debug|Any CPU
		{5751E568-B1F4-4982-B1B1-93C68D1B7F2A}.Release|Any CPU.ActiveCfg = Release|Any CPU
		{5751E568-B1F4-4982-B1B1-93C68D1B7F2A}.Release|Any CPU.Build.0 = Release|Any CPU
		{904D05D7-A745-4862-AF7D-E993CF812238}.Debug|Any CPU.ActiveCfg = Debug|Any CPU
		{904D05D7-A745-4862-AF7D-E993CF812238}.Debug|Any CPU.Build.0 = Debug|Any CPU
		{904D05D7-A745-4862-AF7D-E993CF812238}.Release|Any CPU.ActiveCfg = Release|Any CPU
		{904D05D7-A745-4862-AF7D-E993CF812238}.Release|Any CPU.Build.0 = Release|Any CPU
	EndGlobalSection
	GlobalSection(SolutionProperties) = preSolution
		HideSolutionNode = FALSE
	EndGlobalSection
	GlobalSection(NestedProjects) = preSolution
		{DC1C04F5-C4CA-4AD4-81DB-89E2795941C6} = {BCEC4BC7-B86C-4E79-9B7D-7A1864195D1F}
		{7E29452F-B8EE-4CCA-B7E2-DA5E1AA699FD} = {DC1C04F5-C4CA-4AD4-81DB-89E2795941C6}
		{3BF4CA11-4AA6-496C-B9A8-A18DF9753137} = {DC1C04F5-C4CA-4AD4-81DB-89E2795941C6}
		{77C6AC90-BF3A-4335-9FAC-D075B24CDCCC} = {DC1C04F5-C4CA-4AD4-81DB-89E2795941C6}
		{08879F7C-049E-4ED8-B73E-1FAD5CD84EE3} = {DC1C04F5-C4CA-4AD4-81DB-89E2795941C6}
		{7E79CBA1-D9FC-457F-89F1-E46F8EBD85C2} = {BCEC4BC7-B86C-4E79-9B7D-7A1864195D1F}
		{A5FB4E08-E183-4922-90EA-EFDFEFAF9EE2} = {7E79CBA1-D9FC-457F-89F1-E46F8EBD85C2}
		{7CB30270-800A-48D2-BFD4-877F17EC123A} = {7E79CBA1-D9FC-457F-89F1-E46F8EBD85C2}
		{E79AF42F-4B6D-4F3A-92E0-CD0EEEC5B8E1} = {7E79CBA1-D9FC-457F-89F1-E46F8EBD85C2}
		{AC1D0446-F5A4-4643-A0A3-036390CF29F7} = {BCEC4BC7-B86C-4E79-9B7D-7A1864195D1F}
		{456B358E-F9B5-406A-8436-138A5E30C6A0} = {AC1D0446-F5A4-4643-A0A3-036390CF29F7}
		{59C5B367-65DA-47ED-B988-25C619CB7F38} = {AC1D0446-F5A4-4643-A0A3-036390CF29F7}
		{EF6C096C-9637-471D-9C65-204956C13E6A} = {AC1D0446-F5A4-4643-A0A3-036390CF29F7}
		{6FD4862E-016F-4B8E-BDA8-C1F590C176EB} = {AC1D0446-F5A4-4643-A0A3-036390CF29F7}
		{6548A6BE-9E5C-43AD-81A7-F85CE2C2C9C2} = {BCEC4BC7-B86C-4E79-9B7D-7A1864195D1F}
		{EBFABC99-2595-4D7B-AB6E-0CB846526D5F} = {6548A6BE-9E5C-43AD-81A7-F85CE2C2C9C2}
		{F7180C58-5C8A-4BDF-B23C-11B29B96A39D} = {6548A6BE-9E5C-43AD-81A7-F85CE2C2C9C2}
		{401AE107-20C1-424A-8D13-9FA9590C8B75} = {6548A6BE-9E5C-43AD-81A7-F85CE2C2C9C2}
		{E4B93542-9118-4462-8DA3-5AC57D2791E5} = {6548A6BE-9E5C-43AD-81A7-F85CE2C2C9C2}
		{F2329FD3-88E8-484A-BC07-D89654147919} = {D2D098AE-3A45-4842-8E93-DB8F55106094}
		{2F238DF9-DFC5-49B0-8ECC-EBA7D13D3E44} = {A1AB8BC0-6DD5-42AB-AEC3-66035A8CC8F4}
		{83C6BC44-5418-47DC-858D-1FB439371750} = {2F238DF9-DFC5-49B0-8ECC-EBA7D13D3E44}
		{EBE659F0-6F5E-4291-8A0B-B74B139C5B51} = {A1AB8BC0-6DD5-42AB-AEC3-66035A8CC8F4}
		{15CF5047-BFF1-42E7-8410-B11E1A0DE7F5} = {EBE659F0-6F5E-4291-8A0B-B74B139C5B51}
		{5751E568-B1F4-4982-B1B1-93C68D1B7F2A} = {7E79CBA1-D9FC-457F-89F1-E46F8EBD85C2}
		{7EC0EB3A-87C5-4999-B857-4323C2BCBB7B} = {A1AB8BC0-6DD5-42AB-AEC3-66035A8CC8F4}
		{904D05D7-A745-4862-AF7D-E993CF812238} = {7EC0EB3A-87C5-4999-B857-4323C2BCBB7B}
	EndGlobalSection
	GlobalSection(ExtensibilityGlobals) = postSolution
		SolutionGuid = {2A289C83-1CA9-4177-BFF9-78B77C5F9AD0}
	EndGlobalSection
EndGlobal
